
Microsoft Visual Studio Solution File, Format Version 12.00
# Visual Studio Version 17
VisualStudioVersion = 17.4.33103.184
MinimumVisualStudioVersion = 10.0.40219.1
Project("{FAE04EC0-301F-11D3-BF4B-00C04F79EFBC}") = "Hesap Makinesi", "Hesap Makinesi\Hesap Makinesi.csproj", "{A9434D8A-7B59-4E71-8997-583C3CF4A905}"
EndProject
Global
	GlobalSection(SolutionConfigurationPlatforms) = preSolution
		Debug|Any CPU = Debug|Any CPU
		Release|Any CPU = Release|Any CPU
	EndGlobalSection
	GlobalSection(ProjectConfigurationPlatforms) = postSolution
		{A9434D8A-7B59-4E71-8997-583C3CF4A905}.Debug|Any CPU.ActiveCfg = Debug|Any CPU
		{A9434D8A-7B59-4E71-8997-583C3CF4A905}.Debug|Any CPU.Build.0 = Debug|Any CPU
		{A9434D8A-7B59-4E71-8997-583C3CF4A905}.Release|Any CPU.ActiveCfg = Release|Any CPU
		{A9434D8A-7B59-4E71-8997-583C3CF4A905}.Release|Any CPU.Build.0 = Release|Any CPU
	EndGlobalSection
	GlobalSection(SolutionProperties) = preSolution
		HideSolutionNode = FALSE
	EndGlobalSection
	GlobalSection(ExtensibilityGlobals) = postSolution
		SolutionGuid = {D801DC32-09A1-4EC0-ADF5-1B7E69FDFC39}
	EndGlobalSection
EndGlobal
